
Microsoft Visual Studio Solution File, Format Version 12.00
# Visual Studio Version 17
VisualStudioVersion = 17.7.34024.191
MinimumVisualStudioVersion = 10.0.40219.1
Project("{FAE04EC0-301F-11D3-BF4B-00C04F79EFBC}") = "MiAgenda", "MiAgenda\MiAgenda.csproj", "{C1D694A2-A084-43CF-938A-26590D9CAE2F}"
EndProject
Global
	GlobalSection(SolutionConfigurationPlatforms) = preSolution
		Debug|Any CPU = Debug|Any CPU
		Release|Any CPU = Release|Any CPU
	EndGlobalSection
	GlobalSection(ProjectConfigurationPlatforms) = postSolution
		{C1D694A2-A084-43CF-938A-26590D9CAE2F}.Debug|Any CPU.ActiveCfg = Debug|Any CPU
		{C1D694A2-A084-43CF-938A-26590D9CAE2F}.Debug|Any CPU.Build.0 = Debug|Any CPU
		{C1D694A2-A084-43CF-938A-26590D9CAE2F}.Release|Any CPU.ActiveCfg = Release|Any CPU
		{C1D694A2-A084-43CF-938A-26590D9CAE2F}.Release|Any CPU.Build.0 = Release|Any CPU
	EndGlobalSection
	GlobalSection(SolutionProperties) = preSolution
		HideSolutionNode = FALSE
	EndGlobalSection
	GlobalSection(ExtensibilityGlobals) = postSolution
		SolutionGuid = {15380EDF-2D37-4D1B-8ECA-B9010CA79185}
	EndGlobalSection
EndGlobal
